// !$*UTF8*$!
{
	archiveVersion = 1;
	classes = {
	};
	objectVersion = 56;
	objects = {

/* Begin PBXBuildFile section */
		5E5B23E52CDCC9DB00321D60 /* TabPage.swift in Sources */ = {isa = PBXBuildFile; fileRef = 5E5B23E42CDCC9D200321D60 /* TabPage.swift */; };
		5E5B23E82CDCCA1300321D60 /* CustomTabBar.swift in Sources */ = {isa = PBXBuildFile; fileRef = 5E5B23E72CDCCA0800321D60 /* CustomTabBar.swift */; };
		5E5B23EA2CDCCA2300321D60 /* TabBarItem.swift in Sources */ = {isa = PBXBuildFile; fileRef = 5E5B23E92CDCCA1800321D60 /* TabBarItem.swift */; };
		5E6E1A632CFA091B000096AD /* News.swift in Sources */ = {isa = PBXBuildFile; fileRef = 5E6E1A622CFA0918000096AD /* News.swift */; };
		5E6E1A652CFA1754000096AD /* BreakingNewsView.swift in Sources */ = {isa = PBXBuildFile; fileRef = 5E6E1A642CFA1745000096AD /* BreakingNewsView.swift */; };
		5E6E1A692CFA1F0E000096AD /* NetworkManager.swift in Sources */ = {isa = PBXBuildFile; fileRef = 5E6E1A682CFA1F03000096AD /* NetworkManager.swift */; };
		5E6E1A6C2CFA2E1B000096AD /* NewsCell.swift in Sources */ = {isa = PBXBuildFile; fileRef = 5E6E1A6B2CFA2E15000096AD /* NewsCell.swift */; };
		5E6E1A742CFA3545000096AD /* Formatter.swift in Sources */ = {isa = PBXBuildFile; fileRef = 5E6E1A732CFA3541000096AD /* Formatter.swift */; };
		5EA72E642CFB276400978EBB /* MainScreenViewModel.swift in Sources */ = {isa = PBXBuildFile; fileRef = 5EA72E632CFB275D00978EBB /* MainScreenViewModel.swift */; };
		5EA72E662CFB2B7300978EBB /* BreakingNewViewModel.swift in Sources */ = {isa = PBXBuildFile; fileRef = 5EA72E652CFB2B6900978EBB /* BreakingNewViewModel.swift */; };
		5EA72E682CFB304400978EBB /* NewsDetailsView.swift in Sources */ = {isa = PBXBuildFile; fileRef = 5EA72E672CFB303C00978EBB /* NewsDetailsView.swift */; };
		5EA72E6A2CFB375400978EBB /* NewsCommentsViewModel.swift in Sources */ = {isa = PBXBuildFile; fileRef = 5EA72E692CFB374800978EBB /* NewsCommentsViewModel.swift */; };
		5EA72E6C2CFB378900978EBB /* Comments.swift in Sources */ = {isa = PBXBuildFile; fileRef = 5EA72E6B2CFB378400978EBB /* Comments.swift */; };
		5EA72E6E2CFB3B2C00978EBB /* CommentCell.swift in Sources */ = {isa = PBXBuildFile; fileRef = 5EA72E6D2CFB3B2500978EBB /* CommentCell.swift */; };
		5EA72E702CFB493300978EBB /* CommentsView.swift in Sources */ = {isa = PBXBuildFile; fileRef = 5EA72E6F2CFB492D00978EBB /* CommentsView.swift */; };
		5EBDF4DB2C92D9A000021679 /* CrunchMusicAppApp.swift in Sources */ = {isa = PBXBuildFile; fileRef = 5EBDF4DA2C92D9A000021679 /* CrunchMusicAppApp.swift */; };
		5EBDF4DF2C92D9A200021679 /* Assets.xcassets in Resources */ = {isa = PBXBuildFile; fileRef = 5EBDF4DE2C92D9A200021679 /* Assets.xcassets */; };
		5EBDF4E22C92D9A300021679 /* Preview Assets.xcassets in Resources */ = {isa = PBXBuildFile; fileRef = 5EBDF4E12C92D9A300021679 /* Preview Assets.xcassets */; };
		5EDDFB252CDCBC6900E74D49 /* MainScreenView.swift in Sources */ = {isa = PBXBuildFile; fileRef = 5EDDFB242CDCBC5600E74D49 /* MainScreenView.swift */; };
		5EDDFB272CDCBEB600E74D49 /* TabBarView.swift in Sources */ = {isa = PBXBuildFile; fileRef = 5EDDFB262CDCBEB000E74D49 /* TabBarView.swift */; };
		5EE10F562C99586000562071 /* SettingsView.swift in Sources */ = {isa = PBXBuildFile; fileRef = 5EE10F552C99585800562071 /* SettingsView.swift */; };
/* End PBXBuildFile section */

/* Begin PBXFileReference section */
		5E5B23E42CDCC9D200321D60 /* TabPage.swift */ = {isa = PBXFileReference; lastKnownFileType = sourcecode.swift; path = TabPage.swift; sourceTree = "<group>"; };
		5E5B23E72CDCCA0800321D60 /* CustomTabBar.swift */ = {isa = PBXFileReference; lastKnownFileType = sourcecode.swift; path = CustomTabBar.swift; sourceTree = "<group>"; };
		5E5B23E92CDCCA1800321D60 /* TabBarItem.swift */ = {isa = PBXFileReference; lastKnownFileType = sourcecode.swift; path = TabBarItem.swift; sourceTree = "<group>"; };
		5E6E1A622CFA0918000096AD /* News.swift */ = {isa = PBXFileReference; lastKnownFileType = sourcecode.swift; path = News.swift; sourceTree = "<group>"; };
		5E6E1A642CFA1745000096AD /* BreakingNewsView.swift */ = {isa = PBXFileReference; lastKnownFileType = sourcecode.swift; path = BreakingNewsView.swift; sourceTree = "<group>"; };
		5E6E1A682CFA1F03000096AD /* NetworkManager.swift */ = {isa = PBXFileReference; lastKnownFileType = sourcecode.swift; path = NetworkManager.swift; sourceTree = "<group>"; };
		5E6E1A6A2CFA2B3C000096AD /* Info.plist */ = {isa = PBXFileReference; lastKnownFileType = text.plist; path = Info.plist; sourceTree = "<group>"; };
		5E6E1A6B2CFA2E15000096AD /* NewsCell.swift */ = {isa = PBXFileReference; lastKnownFileType = sourcecode.swift; path = NewsCell.swift; sourceTree = "<group>"; };
		5E6E1A732CFA3541000096AD /* Formatter.swift */ = {isa = PBXFileReference; lastKnownFileType = sourcecode.swift; path = Formatter.swift; sourceTree = "<group>"; };
		5EA72E632CFB275D00978EBB /* MainScreenViewModel.swift */ = {isa = PBXFileReference; lastKnownFileType = sourcecode.swift; path = MainScreenViewModel.swift; sourceTree = "<group>"; };
		5EA72E652CFB2B6900978EBB /* BreakingNewViewModel.swift */ = {isa = PBXFileReference; lastKnownFileType = sourcecode.swift; path = BreakingNewViewModel.swift; sourceTree = "<group>"; };
		5EA72E672CFB303C00978EBB /* NewsDetailsView.swift */ = {isa = PBXFileReference; lastKnownFileType = sourcecode.swift; path = NewsDetailsView.swift; sourceTree = "<group>"; };
		5EA72E692CFB374800978EBB /* NewsCommentsViewModel.swift */ = {isa = PBXFileReference; lastKnownFileType = sourcecode.swift; path = NewsCommentsViewModel.swift; sourceTree = "<group>"; };
		5EA72E6B2CFB378400978EBB /* Comments.swift */ = {isa = PBXFileReference; lastKnownFileType = sourcecode.swift; path = Comments.swift; sourceTree = "<group>"; };
		5EA72E6D2CFB3B2500978EBB /* CommentCell.swift */ = {isa = PBXFileReference; lastKnownFileType = sourcecode.swift; path = CommentCell.swift; sourceTree = "<group>"; };
		5EA72E6F2CFB492D00978EBB /* CommentsView.swift */ = {isa = PBXFileReference; lastKnownFileType = sourcecode.swift; path = CommentsView.swift; sourceTree = "<group>"; };
		5EBDF4D72C92D9A000021679 /* MegaNews.app */ = {isa = PBXFileReference; explicitFileType = wrapper.application; includeInIndex = 0; path = MegaNews.app; sourceTree = BUILT_PRODUCTS_DIR; };
		5EBDF4DA2C92D9A000021679 /* CrunchMusicAppApp.swift */ = {isa = PBXFileReference; lastKnownFileType = sourcecode.swift; path = CrunchMusicAppApp.swift; sourceTree = "<group>"; };
		5EBDF4DE2C92D9A200021679 /* Assets.xcassets */ = {isa = PBXFileReference; lastKnownFileType = folder.assetcatalog; path = Assets.xcassets; sourceTree = "<group>"; };
		5EBDF4E12C92D9A300021679 /* Preview Assets.xcassets */ = {isa = PBXFileReference; lastKnownFileType = folder.assetcatalog; path = "Preview Assets.xcassets"; sourceTree = "<group>"; };
		5EDDFB242CDCBC5600E74D49 /* MainScreenView.swift */ = {isa = PBXFileReference; lastKnownFileType = sourcecode.swift; path = MainScreenView.swift; sourceTree = "<group>"; };
		5EDDFB262CDCBEB000E74D49 /* TabBarView.swift */ = {isa = PBXFileReference; lastKnownFileType = sourcecode.swift; path = TabBarView.swift; sourceTree = "<group>"; };
		5EE10F552C99585800562071 /* SettingsView.swift */ = {isa = PBXFileReference; lastKnownFileType = sourcecode.swift; path = SettingsView.swift; sourceTree = "<group>"; };
/* End PBXFileReference section */

/* Begin PBXFrameworksBuildPhase section */
		5EBDF4D42C92D9A000021679 /* Frameworks */ = {
			isa = PBXFrameworksBuildPhase;
			buildActionMask = 2147483647;
			files = (
			);
			runOnlyForDeploymentPostprocessing = 0;
		};
/* End PBXFrameworksBuildPhase section */

/* Begin PBXGroup section */
		5E5B23E62CDCC9F500321D60 /* TabBar */ = {
			isa = PBXGroup;
			children = (
				5E5B23E92CDCCA1800321D60 /* TabBarItem.swift */,
				5E5B23E72CDCCA0800321D60 /* CustomTabBar.swift */,
				5EDDFB262CDCBEB000E74D49 /* TabBarView.swift */,
			);
			path = TabBar;
			sourceTree = "<group>";
		};
		5E6E1A662CFA1EE4000096AD /* Screens */ = {
			isa = PBXGroup;
			children = (
				5EA72E672CFB303C00978EBB /* NewsDetailsView.swift */,
				5E6E1A642CFA1745000096AD /* BreakingNewsView.swift */,
				5EDDFB242CDCBC5600E74D49 /* MainScreenView.swift */,
				5EE10F552C99585800562071 /* SettingsView.swift */,
			);
			path = Screens;
			sourceTree = "<group>";
		};
		5E6E1A672CFA1EFB000096AD /* Assets */ = {
			isa = PBXGroup;
			children = (
				5E6E1A732CFA3541000096AD /* Formatter.swift */,
				5E6E1A682CFA1F03000096AD /* NetworkManager.swift */,
			);
			path = Assets;
			sourceTree = "<group>";
		};
		5EA72E622CFB275200978EBB /* ViewModels */ = {
			isa = PBXGroup;
			children = (
				5EA72E692CFB374800978EBB /* NewsCommentsViewModel.swift */,
				5EA72E652CFB2B6900978EBB /* BreakingNewViewModel.swift */,
				5EA72E632CFB275D00978EBB /* MainScreenViewModel.swift */,
			);
			path = ViewModels;
			sourceTree = "<group>";
		};
		5EBDF4CE2C92D9A000021679 = {
			isa = PBXGroup;
			children = (
				5EBDF4D92C92D9A000021679 /* CrunchMusicApp */,
				5EBDF4D82C92D9A000021679 /* Products */,
			);
			sourceTree = "<group>";
		};
		5EBDF4D82C92D9A000021679 /* Products */ = {
			isa = PBXGroup;
			children = (
				5EBDF4D72C92D9A000021679 /* MegaNews.app */,
			);
			name = Products;
			sourceTree = "<group>";
		};
		5EBDF4D92C92D9A000021679 /* CrunchMusicApp */ = {
			isa = PBXGroup;
			children = (
				5E6E1A6A2CFA2B3C000096AD /* Info.plist */,
				5E6E1A672CFA1EFB000096AD /* Assets */,
				5EFE51712C96C7CB00FE7823 /* Models */,
				5EFE51702C96C7B800FE7823 /* Views */,
				5EBDF4DA2C92D9A000021679 /* CrunchMusicAppApp.swift */,
				5EBDF4DE2C92D9A200021679 /* Assets.xcassets */,
				5EBDF4E02C92D9A300021679 /* Preview Content */,
			);
			path = CrunchMusicApp;
			sourceTree = "<group>";
		};
		5EBDF4E02C92D9A300021679 /* Preview Content */ = {
			isa = PBXGroup;
			children = (
				5EBDF4E12C92D9A300021679 /* Preview Assets.xcassets */,
			);
			path = "Preview Content";
			sourceTree = "<group>";
		};
		5EFE51702C96C7B800FE7823 /* Views */ = {
			isa = PBXGroup;
			children = (
				5EA72E6F2CFB492D00978EBB /* CommentsView.swift */,
				5EA72E6D2CFB3B2500978EBB /* CommentCell.swift */,
				5E6E1A6B2CFA2E15000096AD /* NewsCell.swift */,
				5EA72E622CFB275200978EBB /* ViewModels */,
				5E6E1A662CFA1EE4000096AD /* Screens */,
				5E5B23E62CDCC9F500321D60 /* TabBar */,
			);
			path = Views;
			sourceTree = "<group>";
		};
		5EFE51712C96C7CB00FE7823 /* Models */ = {
			isa = PBXGroup;
			children = (
				5EA72E6B2CFB378400978EBB /* Comments.swift */,
				5E6E1A622CFA0918000096AD /* News.swift */,
				5E5B23E42CDCC9D200321D60 /* TabPage.swift */,
			);
			path = Models;
			sourceTree = "<group>";
		};
/* End PBXGroup section */

/* Begin PBXNativeTarget section */
		5EBDF4D62C92D9A000021679 /* MegaNews */ = {
			isa = PBXNativeTarget;
			buildConfigurationList = 5EBDF4E52C92D9A300021679 /* Build configuration list for PBXNativeTarget "MegaNews" */;
			buildPhases = (
				5EBDF4D32C92D9A000021679 /* Sources */,
				5EBDF4D42C92D9A000021679 /* Frameworks */,
				5EBDF4D52C92D9A000021679 /* Resources */,
			);
			buildRules = (
			);
			dependencies = (
			);
			name = MegaNews;
			productName = CrunchMusicApp;
			productReference = 5EBDF4D72C92D9A000021679 /* MegaNews.app */;
			productType = "com.apple.product-type.application";
		};
/* End PBXNativeTarget section */

/* Begin PBXProject section */
		5EBDF4CF2C92D9A000021679 /* Project object */ = {
			isa = PBXProject;
			attributes = {
				BuildIndependentTargetsInParallel = 1;
				LastSwiftUpdateCheck = 1540;
				LastUpgradeCheck = 1540;
				TargetAttributes = {
					5EBDF4D62C92D9A000021679 = {
						CreatedOnToolsVersion = 15.4;
					};
				};
			};
			buildConfigurationList = 5EBDF4D22C92D9A000021679 /* Build configuration list for PBXProject "MegaNews" */;
			compatibilityVersion = "Xcode 14.0";
			developmentRegion = en;
			hasScannedForEncodings = 0;
			knownRegions = (
				en,
				Base,
			);
			mainGroup = 5EBDF4CE2C92D9A000021679;
			productRefGroup = 5EBDF4D82C92D9A000021679 /* Products */;
			projectDirPath = "";
			projectRoot = "";
			targets = (
				5EBDF4D62C92D9A000021679 /* MegaNews */,
			);
		};
/* End PBXProject section */

/* Begin PBXResourcesBuildPhase section */
		5EBDF4D52C92D9A000021679 /* Resources */ = {
			isa = PBXResourcesBuildPhase;
			buildActionMask = 2147483647;
			files = (
				5EBDF4E22C92D9A300021679 /* Preview Assets.xcassets in Resources */,
				5EBDF4DF2C92D9A200021679 /* Assets.xcassets in Resources */,
			);
			runOnlyForDeploymentPostprocessing = 0;
		};
/* End PBXResourcesBuildPhase section */

/* Begin PBXSourcesBuildPhase section */
		5EBDF4D32C92D9A000021679 /* Sources */ = {
			isa = PBXSourcesBuildPhase;
			buildActionMask = 2147483647;
			files = (
				5EDDFB272CDCBEB600E74D49 /* TabBarView.swift in Sources */,
				5EA72E702CFB493300978EBB /* CommentsView.swift in Sources */,
				5E5B23E82CDCCA1300321D60 /* CustomTabBar.swift in Sources */,
				5EA72E662CFB2B7300978EBB /* BreakingNewViewModel.swift in Sources */,
				5E6E1A692CFA1F0E000096AD /* NetworkManager.swift in Sources */,
				5EBDF4DB2C92D9A000021679 /* CrunchMusicAppApp.swift in Sources */,
				5EA72E6E2CFB3B2C00978EBB /* CommentCell.swift in Sources */,
				5EA72E6A2CFB375400978EBB /* NewsCommentsViewModel.swift in Sources */,
				5E5B23EA2CDCCA2300321D60 /* TabBarItem.swift in Sources */,
				5E6E1A632CFA091B000096AD /* News.swift in Sources */,
				5EA72E6C2CFB378900978EBB /* Comments.swift in Sources */,
				5E6E1A742CFA3545000096AD /* Formatter.swift in Sources */,
				5EA72E642CFB276400978EBB /* MainScreenViewModel.swift in Sources */,
				5EA72E682CFB304400978EBB /* NewsDetailsView.swift in Sources */,
				5E6E1A652CFA1754000096AD /* BreakingNewsView.swift in Sources */,
				5E5B23E52CDCC9DB00321D60 /* TabPage.swift in Sources */,
				5EE10F562C99586000562071 /* SettingsView.swift in Sources */,
				5EDDFB252CDCBC6900E74D49 /* MainScreenView.swift in Sources */,
				5E6E1A6C2CFA2E1B000096AD /* NewsCell.swift in Sources */,
			);
			runOnlyForDeploymentPostprocessing = 0;
		};
/* End PBXSourcesBuildPhase section */

/* Begin XCBuildConfiguration section */
		5EBDF4E32C92D9A300021679 /* Debug */ = {
			isa = XCBuildConfiguration;
			buildSettings = {
				ALWAYS_SEARCH_USER_PATHS = NO;
				ASSETCATALOG_COMPILER_GENERATE_SWIFT_ASSET_SYMBOL_EXTENSIONS = YES;
				CLANG_ANALYZER_NONNULL = YES;
				CLANG_ANALYZER_NUMBER_OBJECT_CONVERSION = YES_AGGRESSIVE;
				CLANG_CXX_LANGUAGE_STANDARD = "gnu++20";
				CLANG_ENABLE_MODULES = YES;
				CLANG_ENABLE_OBJC_ARC = YES;
				CLANG_ENABLE_OBJC_WEAK = YES;
				CLANG_WARN_BLOCK_CAPTURE_AUTORELEASING = YES;
				CLANG_WARN_BOOL_CONVERSION = YES;
				CLANG_WARN_COMMA = YES;
				CLANG_WARN_CONSTANT_CONVERSION = YES;
				CLANG_WARN_DEPRECATED_OBJC_IMPLEMENTATIONS = YES;
				CLANG_WARN_DIRECT_OBJC_ISA_USAGE = YES_ERROR;
				CLANG_WARN_DOCUMENTATION_COMMENTS = YES;
				CLANG_WARN_EMPTY_BODY = YES;
				CLANG_WARN_ENUM_CONVERSION = YES;
				CLANG_WARN_INFINITE_RECURSION = YES;
				CLANG_WARN_INT_CONVERSION = YES;
				CLANG_WARN_NON_LITERAL_NULL_CONVERSION = YES;
				CLANG_WARN_OBJC_IMPLICIT_RETAIN_SELF = YES;
				CLANG_WARN_OBJC_LITERAL_CONVERSION = YES;
				CLANG_WARN_OBJC_ROOT_CLASS = YES_ERROR;
				CLANG_WARN_QUOTED_INCLUDE_IN_FRAMEWORK_HEADER = YES;
				CLANG_WARN_RANGE_LOOP_ANALYSIS = YES;
				CLANG_WARN_STRICT_PROTOTYPES = YES;
				CLANG_WARN_SUSPICIOUS_MOVE = YES;
				CLANG_WARN_UNGUARDED_AVAILABILITY = YES_AGGRESSIVE;
				CLANG_WARN_UNREACHABLE_CODE = YES;
				CLANG_WARN__DUPLICATE_METHOD_MATCH = YES;
				COPY_PHASE_STRIP = NO;
				DEBUG_INFORMATION_FORMAT = dwarf;
				ENABLE_STRICT_OBJC_MSGSEND = YES;
				ENABLE_TESTABILITY = YES;
				ENABLE_USER_SCRIPT_SANDBOXING = YES;
				GCC_C_LANGUAGE_STANDARD = gnu17;
				GCC_DYNAMIC_NO_PIC = NO;
				GCC_NO_COMMON_BLOCKS = YES;
				GCC_OPTIMIZATION_LEVEL = 0;
				GCC_PREPROCESSOR_DEFINITIONS = (
					"DEBUG=1",
					"$(inherited)",
				);
				GCC_WARN_64_TO_32_BIT_CONVERSION = YES;
				GCC_WARN_ABOUT_RETURN_TYPE = YES_ERROR;
				GCC_WARN_UNDECLARED_SELECTOR = YES;
				GCC_WARN_UNINITIALIZED_AUTOS = YES_AGGRESSIVE;
				GCC_WARN_UNUSED_FUNCTION = YES;
				GCC_WARN_UNUSED_VARIABLE = YES;
				IPHONEOS_DEPLOYMENT_TARGET = 17.5;
				LOCALIZATION_PREFERS_STRING_CATALOGS = YES;
				MTL_ENABLE_DEBUG_INFO = INCLUDE_SOURCE;
				MTL_FAST_MATH = YES;
				ONLY_ACTIVE_ARCH = YES;
				SDKROOT = iphoneos;
				SWIFT_ACTIVE_COMPILATION_CONDITIONS = "DEBUG $(inherited)";
				SWIFT_OPTIMIZATION_LEVEL = "-Onone";
			};
			name = Debug;
		};
		5EBDF4E42C92D9A300021679 /* Release */ = {
			isa = XCBuildConfiguration;
			buildSettings = {
				ALWAYS_SEARCH_USER_PATHS = NO;
				ASSETCATALOG_COMPILER_GENERATE_SWIFT_ASSET_SYMBOL_EXTENSIONS = YES;
				CLANG_ANALYZER_NONNULL = YES;
				CLANG_ANALYZER_NUMBER_OBJECT_CONVERSION = YES_AGGRESSIVE;
				CLANG_CXX_LANGUAGE_STANDARD = "gnu++20";
				CLANG_ENABLE_MODULES = YES;
				CLANG_ENABLE_OBJC_ARC = YES;
				CLANG_ENABLE_OBJC_WEAK = YES;
				CLANG_WARN_BLOCK_CAPTURE_AUTORELEASING = YES;
				CLANG_WARN_BOOL_CONVERSION = YES;
				CLANG_WARN_COMMA = YES;
				CLANG_WARN_CONSTANT_CONVERSION = YES;
				CLANG_WARN_DEPRECATED_OBJC_IMPLEMENTATIONS = YES;
				CLANG_WARN_DIRECT_OBJC_ISA_USAGE = YES_ERROR;
				CLANG_WARN_DOCUMENTATION_COMMENTS = YES;
				CLANG_WARN_EMPTY_BODY = YES;
				CLANG_WARN_ENUM_CONVERSION = YES;
				CLANG_WARN_INFINITE_RECURSION = YES;
				CLANG_WARN_INT_CONVERSION = YES;
				CLANG_WARN_NON_LITERAL_NULL_CONVERSION = YES;
				CLANG_WARN_OBJC_IMPLICIT_RETAIN_SELF = YES;
				CLANG_WARN_OBJC_LITERAL_CONVERSION = YES;
				CLANG_WARN_OBJC_ROOT_CLASS = YES_ERROR;
				CLANG_WARN_QUOTED_INCLUDE_IN_FRAMEWORK_HEADER = YES;
				CLANG_WARN_RANGE_LOOP_ANALYSIS = YES;
				CLANG_WARN_STRICT_PROTOTYPES = YES;
				CLANG_WARN_SUSPICIOUS_MOVE = YES;
				CLANG_WARN_UNGUARDED_AVAILABILITY = YES_AGGRESSIVE;
				CLANG_WARN_UNREACHABLE_CODE = YES;
				CLANG_WARN__DUPLICATE_METHOD_MATCH = YES;
				COPY_PHASE_STRIP = NO;
				DEBUG_INFORMATION_FORMAT = "dwarf-with-dsym";
				ENABLE_NS_ASSERTIONS = NO;
				ENABLE_STRICT_OBJC_MSGSEND = YES;
				ENABLE_USER_SCRIPT_SANDBOXING = YES;
				GCC_C_LANGUAGE_STANDARD = gnu17;
				GCC_NO_COMMON_BLOCKS = YES;
				GCC_WARN_64_TO_32_BIT_CONVERSION = YES;
				GCC_WARN_ABOUT_RETURN_TYPE = YES_ERROR;
				GCC_WARN_UNDECLARED_SELECTOR = YES;
				GCC_WARN_UNINITIALIZED_AUTOS = YES_AGGRESSIVE;
				GCC_WARN_UNUSED_FUNCTION = YES;
				GCC_WARN_UNUSED_VARIABLE = YES;
				IPHONEOS_DEPLOYMENT_TARGET = 17.5;
				LOCALIZATION_PREFERS_STRING_CATALOGS = YES;
				MTL_ENABLE_DEBUG_INFO = NO;
				MTL_FAST_MATH = YES;
				SDKROOT = iphoneos;
				SWIFT_COMPILATION_MODE = wholemodule;
				VALIDATE_PRODUCT = YES;
			};
			name = Release;
		};
		5EBDF4E62C92D9A300021679 /* Debug */ = {
			isa = XCBuildConfiguration;
			buildSettings = {
				ASSETCATALOG_COMPILER_APPICON_NAME = AppIcon;
				ASSETCATALOG_COMPILER_GLOBAL_ACCENT_COLOR_NAME = AccentColor;
				CODE_SIGN_STYLE = Automatic;
				CURRENT_PROJECT_VERSION = 1;
				DEVELOPMENT_ASSET_PATHS = "\"CrunchMusicApp/Preview Content\"";
				DEVELOPMENT_TEAM = BDHB667Z99;
				ENABLE_PREVIEWS = YES;
				GENERATE_INFOPLIST_FILE = YES;
				INFOPLIST_FILE = CrunchMusicApp/Info.plist;
				INFOPLIST_KEY_UIApplicationSceneManifest_Generation = YES;
				INFOPLIST_KEY_UIApplicationSupportsIndirectInputEvents = YES;
				INFOPLIST_KEY_UILaunchScreen_Generation = YES;
				INFOPLIST_KEY_UISupportedInterfaceOrientations_iPad = "UIInterfaceOrientationPortrait UIInterfaceOrientationPortraitUpsideDown UIInterfaceOrientationLandscapeLeft UIInterfaceOrientationLandscapeRight";
				INFOPLIST_KEY_UISupportedInterfaceOrientations_iPhone = "UIInterfaceOrientationPortrait UIInterfaceOrientationLandscapeLeft UIInterfaceOrientationLandscapeRight";
				IPHONEOS_DEPLOYMENT_TARGET = 17.6;
				LD_RUNPATH_SEARCH_PATHS = (
					"$(inherited)",
					"@executable_path/Frameworks",
				);
				MARKETING_VERSION = 1.0;
				PRODUCT_BUNDLE_IDENTIFIER = Vladislav.CrunchMusicApp;
				PRODUCT_NAME = "$(TARGET_NAME)";
				SWIFT_EMIT_LOC_STRINGS = YES;
				SWIFT_VERSION = 6.0;
				TARGETED_DEVICE_FAMILY = 1;
			};
			name = Debug;
		};
		5EBDF4E72C92D9A300021679 /* Release */ = {
			isa = XCBuildConfiguration;
			buildSettings = {
				ASSETCATALOG_COMPILER_APPICON_NAME = AppIcon;
				ASSETCATALOG_COMPILER_GLOBAL_ACCENT_COLOR_NAME = AccentColor;
				CODE_SIGN_STYLE = Automatic;
				CURRENT_PROJECT_VERSION = 1;
				DEVELOPMENT_ASSET_PATHS = "\"CrunchMusicApp/Preview Content\"";
				DEVELOPMENT_TEAM = BDHB667Z99;
				ENABLE_PREVIEWS = YES;
				GENERATE_INFOPLIST_FILE = YES;
				INFOPLIST_FILE = CrunchMusicApp/Info.plist;
				INFOPLIST_KEY_UIApplicationSceneManifest_Generation = YES;
				INFOPLIST_KEY_UIApplicationSupportsIndirectInputEvents = YES;
				INFOPLIST_KEY_UILaunchScreen_Generation = YES;
				INFOPLIST_KEY_UISupportedInterfaceOrientations_iPad = "UIInterfaceOrientationPortrait UIInterfaceOrientationPortraitUpsideDown UIInterfaceOrientationLandscapeLeft UIInterfaceOrientationLandscapeRight";
				INFOPLIST_KEY_UISupportedInterfaceOrientations_iPhone = "UIInterfaceOrientationPortrait UIInterfaceOrientationLandscapeLeft UIInterfaceOrientationLandscapeRight";
				IPHONEOS_DEPLOYMENT_TARGET = 17.6;
				LD_RUNPATH_SEARCH_PATHS = (
					"$(inherited)",
					"@executable_path/Frameworks",
				);
				MARKETING_VERSION = 1.0;
				PRODUCT_BUNDLE_IDENTIFIER = Vladislav.CrunchMusicApp;
				PRODUCT_NAME = "$(TARGET_NAME)";
				SWIFT_EMIT_LOC_STRINGS = YES;
				SWIFT_VERSION = 6.0;
				TARGETED_DEVICE_FAMILY = 1;
			};
			name = Release;
		};
/* End XCBuildConfiguration section */

/* Begin XCConfigurationList section */
		5EBDF4D22C92D9A000021679 /* Build configuration list for PBXProject "MegaNews" */ = {
			isa = XCConfigurationList;
			buildConfigurations = (
				5EBDF4E32C92D9A300021679 /* Debug */,
				5EBDF4E42C92D9A300021679 /* Release */,
			);
			defaultConfigurationIsVisible = 0;
			defaultConfigurationName = Release;
		};
		5EBDF4E52C92D9A300021679 /* Build configuration list for PBXNativeTarget "MegaNews" */ = {
			isa = XCConfigurationList;
			buildConfigurations = (
				5EBDF4E62C92D9A300021679 /* Debug */,
				5EBDF4E72C92D9A300021679 /* Release */,
			);
			defaultConfigurationIsVisible = 0;
			defaultConfigurationName = Release;
		};
/* End XCConfigurationList section */
	};
	rootObject = 5EBDF4CF2C92D9A000021679 /* Project object */;
}
